
Microsoft Visual Studio Solution File, Format Version 12.00
# Visual Studio Version 17
VisualStudioVersion = 17.7.34018.315
MinimumVisualStudioVersion = 10.0.40219.1
Project("{FAE04EC0-301F-11D3-BF4B-00C04F79EFBC}") = "MySecondRepo", "MySecondRepo\MySecondRepo.csproj", "{46ED4B71-0641-4FEB-8EEC-09821A0C836F}"
EndProject
Global
	GlobalSection(SolutionConfigurationPlatforms) = preSolution
		Debug|Any CPU = Debug|Any CPU
		Release|Any CPU = Release|Any CPU
	EndGlobalSection
	GlobalSection(ProjectConfigurationPlatforms) = postSolution
		{46ED4B71-0641-4FEB-8EEC-09821A0C836F}.Debug|Any CPU.ActiveCfg = Debug|Any CPU
		{46ED4B71-0641-4FEB-8EEC-09821A0C836F}.Debug|Any CPU.Build.0 = Debug|Any CPU
		{46ED4B71-0641-4FEB-8EEC-09821A0C836F}.Release|Any CPU.ActiveCfg = Release|Any CPU
		{46ED4B71-0641-4FEB-8EEC-09821A0C836F}.Release|Any CPU.Build.0 = Release|Any CPU
	EndGlobalSection
	GlobalSection(SolutionProperties) = preSolution
		HideSolutionNode = FALSE
	EndGlobalSection
	GlobalSection(ExtensibilityGlobals) = postSolution
		SolutionGuid = {FEF4C279-396B-4601-AF8C-60A4700148DB}
	EndGlobalSection
EndGlobal
